{
    "_readme": [
        "This file locks the dependencies of your project to a known state",
        "Read more about it at https://getcomposer.org/doc/01-basic-usage.md#installing-dependencies",
        "This file is @generated automatically"
    ],
    "content-hash": "5241a65cb78209573f837d9fe6eefa66",
    "packages": [
        {
            "name": "aura/auth",
            "version": "2.0.1",
            "source": {
                "type": "git",
                "url": "https://github.com/auraphp/Aura.Auth.git",
                "reference": "85a17b1d6cb48b00255ece9f9b0d99fc1dbc503e"
            },
            "dist": {
                "type": "zip",
                "url": "https://api.github.com/repos/auraphp/Aura.Auth/zipball/85a17b1d6cb48b00255ece9f9b0d99fc1dbc503e",
                "reference": "85a17b1d6cb48b00255ece9f9b0d99fc1dbc503e",
                "shasum": ""
            },
            "require": {
                "php": ">=5.3.0"
            },
            "require-dev": {
                "aura/di": "~2.0",
                "phpunit/phpunit": "~5.7 || ~4.8"
            },
            "suggest": {
                "ext/imap": "For IMAP/POP/NNTP integration.",
                "ext/ldap": "For LDAP integration.",
                "ircmaxell/password-compat": "Provides password_verify() for PHP versions earlier than 5.5"
            },
            "type": "library",
            "extra": {
                "aura": {
                    "type": "library",
                    "config": {
                        "common": "Aura\\Auth\\_Config\\Common"
                    }
                }
            },
            "autoload": {
                "psr-4": {
                    "Aura\\Auth\\": "src/",
                    "Aura\\Auth\\_Config\\": "config/"
                }
            },
            "notification-url": "https://packagist.org/downloads/",
            "license": [
                "BSD-2-Clause"
            ],
            "authors": [
                {
                    "name": "Aura.Auth Contributors",
                    "homepage": "https://github.com/auraphp/Aura.Auth/contributors"
                }
            ],
            "description": "Provides a unified interface to authenticate a user with local or remote authentication systems.",
            "homepage": "https://github.com/auraphp/Aura.Auth",
            "keywords": [
                "Authentication",
                "auth",
                "authenticate"
            ],
            "support": {
                "issues": "https://github.com/auraphp/Aura.Auth/issues",
                "source": "https://github.com/auraphp/Aura.Auth/tree/2.x"
            },
            "time": "2017-03-18T07:37:15+00:00"
        },
        {
            "name": "aura/cli",
            "version": "2.2.0",
            "source": {
                "type": "git",
                "url": "https://github.com/auraphp/Aura.Cli.git",
                "reference": "d69cfa6d81e94e13d831e38ad9e3d53aa0f08a8b"
            },
            "dist": {
                "type": "zip",
                "url": "https://api.github.com/repos/auraphp/Aura.Cli/zipball/d69cfa6d81e94e13d831e38ad9e3d53aa0f08a8b",
                "reference": "d69cfa6d81e94e13d831e38ad9e3d53aa0f08a8b",
                "shasum": ""
            },
            "require": {
                "php": ">=5.3.0"
            },
            "require-dev": {
                "aura/di": "~2.0"
            },
            "type": "library",
            "extra": {
                "aura": {
                    "type": "library",
                    "config": {
                        "common": "Aura\\Cli\\_Config\\Common"
                    }
                }
            },
            "autoload": {
                "psr-4": {
                    "Aura\\Cli\\": "src/",
                    "Aura\\Cli\\_Config\\": "config/"
                }
            },
            "notification-url": "https://packagist.org/downloads/",
            "license": [
                "BSD-2-Clause"
            ],
            "authors": [
                {
                    "name": "Aura.Cli Contributors",
                    "homepage": "https://github.com/auraphp/Aura.Cli/contributors"
                }
            ],
            "description": "Provides the equivalent of request (Context) and response (Stdio) classes for a command line environment, including Getopt support.",
            "homepage": "https://github.com/auraphp/Aura.Cli",
            "keywords": [
                "cli",
                "command",
                "command line",
                "getopt",
                "options",
                "stdio"
            ],
            "support": {
                "issues": "https://github.com/auraphp/Aura.Cli/issues",
                "source": "https://github.com/auraphp/Aura.Cli/tree/2.x"
            },
            "time": "2017-02-09T17:14:27+00:00"
        },
        {
            "name": "aura/cli-kernel",
            "version": "2.0.4",
            "source": {
                "type": "git",
                "url": "https://github.com/auraphp/Aura.Cli_Kernel.git",
                "reference": "f9b43d014eb3c2fa3697d0907835087cb0c7aed6"
            },
            "dist": {
                "type": "zip",
                "url": "https://api.github.com/repos/auraphp/Aura.Cli_Kernel/zipball/f9b43d014eb3c2fa3697d0907835087cb0c7aed6",
                "reference": "f9b43d014eb3c2fa3697d0907835087cb0c7aed6",
                "shasum": ""
            },
            "require": {
                "aura/cli": "~2.0",
                "aura/dispatcher": "~2.0",
                "aura/project-kernel": "~2.0",
                "php": ">=5.4.0"
            },
            "type": "library",
            "extra": {
                "aura": {
                    "type": "kernel",
                    "config": {
                        "common": "Aura\\Cli_Kernel\\_Config\\Common",
                        "cli-kernel-test": "Aura\\Cli_Kernel\\_Config\\CliKernelTest"
                    }
                }
            },
            "autoload": {
                "psr-4": {
                    "Aura\\Cli_Kernel\\": "src/",
                    "Aura\\Cli_Kernel\\_Config\\": "config/"
                }
            },
            "notification-url": "https://packagist.org/downloads/",
            "license": [
                "BSD-2-Clause"
            ],
            "authors": [
                {
                    "name": "Aura.Cli_Kernel Contributors",
                    "homepage": "https://github.com/auraphp/Aura.Cli_Kernel/contributors"
                }
            ],
            "description": "The kernel files for an Aura CLI project.",
            "homepage": "https://github.com/auraphp/Aura.Cli_Kernel",
            "keywords": [
                "cli",
                "kernel"
            ],
            "support": {
                "issues": "https://github.com/auraphp/Aura.Cli_Kernel/issues",
                "source": "https://github.com/auraphp/Aura.Cli_Kernel/tree/2.x"
            },
            "time": "2015-04-04T14:02:32+00:00"
        },
        {
            "name": "aura/di",
            "version": "2.2.5",
            "source": {
                "type": "git",
                "url": "https://github.com/auraphp/Aura.Di.git",
                "reference": "e485b235d4c3841a7e8959158ac7e69f425a52c5"
            },
            "dist": {
                "type": "zip",
                "url": "https://api.github.com/repos/auraphp/Aura.Di/zipball/e485b235d4c3841a7e8959158ac7e69f425a52c5",
                "reference": "e485b235d4c3841a7e8959158ac7e69f425a52c5",
                "shasum": ""
            },
            "require": {
                "php": ">=5.3.0"
            },
            "type": "library",
            "extra": {
                "aura": {
                    "type": "library"
                }
            },
            "autoload": {
                "psr-4": {
                    "Aura\\Di\\": "src/"
                }
            },
            "notification-url": "https://packagist.org/downloads/",
            "license": [
                "BSD-2-Clause"
            ],
            "authors": [
                {
                    "name": "Aura.Di Contributors",
                    "homepage": "https://github.com/auraphp/Aura.Di/contributors"
                }
            ],
            "description": "Provides a dependency injection container system with native support for constructor- and setter-based injection, lazy-loading of services, and inheritable configuration of setters and constructor params.",
            "homepage": "https://github.com/auraphp/Aura.Di",
            "keywords": [
                "container",
                "dependency injection",
                "dependency injection container",
                "di",
                "di container"
            ],
            "support": {
                "issues": "https://github.com/auraphp/Aura.Di/issues",
                "source": "https://github.com/auraphp/Aura.Di/tree/2.x"
            },
            "time": "2018-12-24T14:20:59+00:00"
        },
        {
            "name": "aura/dispatcher",
            "version": "2.0.4",
            "source": {
                "type": "git",
                "url": "https://github.com/auraphp/Aura.Dispatcher.git",
                "reference": "d84a58d00788220077b7281f293f748470eabec5"
            },
            "dist": {
                "type": "zip",
                "url": "https://api.github.com/repos/auraphp/Aura.Dispatcher/zipball/d84a58d00788220077b7281f293f748470eabec5",
                "reference": "d84a58d00788220077b7281f293f748470eabec5",
                "shasum": ""
            },
            "require": {
                "php": ">=5.4.0"
            },
            "type": "library",
            "extra": {
                "aura": {
                    "type": "library"
                }
            },
            "autoload": {
                "psr-4": {
                    "Aura\\Dispatcher\\": "src/"
                }
            },
            "notification-url": "https://packagist.org/downloads/",
            "license": [
                "BSD-2-Clause"
            ],
            "authors": [
                {
                    "name": "Aura.Dispatcher Contributors",
                    "homepage": "https://github.com/auraphp/Aura.Dispatcher/contributors"
                }
            ],
            "description": "Creates objects from a factory and invokes methods using named parameters; also provides a trait for invoking closures and object methods with named parameters.",
            "homepage": "https://github.com/auraphp/Aura.Dispatcher",
            "keywords": [
                "controller",
                "dispatcher",
                "factory"
            ],
            "support": {
                "issues": "https://github.com/auraphp/Aura.Dispatcher/issues",
                "source": "https://github.com/auraphp/Aura.Dispatcher/tree/2.x"
            },
            "time": "2016-10-03T19:45:52+00:00"
        },
        {
            "name": "aura/html",
            "version": "2.6.0",
            "source": {
                "type": "git",
                "url": "https://github.com/auraphp/Aura.Html.git",
                "reference": "2b1a53cd8d07a734a57d21a6492a915c74d04d56"
            },
            "dist": {
                "type": "zip",
                "url": "https://api.github.com/repos/auraphp/Aura.Html/zipball/2b1a53cd8d07a734a57d21a6492a915c74d04d56",
                "reference": "2b1a53cd8d07a734a57d21a6492a915c74d04d56",
                "shasum": ""
            },
            "require": {
                "php": ">=5.3.0"
            },
            "require-dev": {
                "yoast/phpunit-polyfills": "~1.0"
            },
            "type": "library",
            "extra": {
                "aura": {
                    "type": "library",
                    "config": {
                        "common": "Aura\\Html\\_Config\\Common"
                    }
                }
            },
            "autoload": {
                "psr-4": {
                    "Aura\\Html\\": "src/",
                    "Aura\\Html\\_Config\\": "config/"
                }
            },
            "notification-url": "https://packagist.org/downloads/",
            "license": [
                "BSD-2-Clause"
            ],
            "authors": [
                {
                    "name": "Aura.Html Contributors",
                    "homepage": "https://github.com/auraphp/Aura.Html/contributors"
                }
            ],
            "description": "Provides HTML escapers and helpers, including form input helpers.",
            "homepage": "https://github.com/auraphp/Aura.Html",
            "keywords": [
                "Escape",
                "escaper",
                "escapers",
                "escaping",
                "form",
                "helper",
                "helpers",
                "html",
                "input"
            ],
            "support": {
                "issues": "https://github.com/auraphp/Aura.Html/issues",
                "source": "https://github.com/auraphp/Aura.Html/tree/2.6.0"
            },
            "time": "2022-02-19T07:18:21+00:00"
        },
        {
            "name": "aura/project-kernel",
            "version": "2.2.0",
            "source": {
                "type": "git",
                "url": "https://github.com/auraphp/Aura.Project_Kernel.git",
                "reference": "d51e2bc9c799271223ad8d7b5f0c9bcb8ee3287d"
            },
            "dist": {
                "type": "zip",
                "url": "https://api.github.com/repos/auraphp/Aura.Project_Kernel/zipball/d51e2bc9c799271223ad8d7b5f0c9bcb8ee3287d",
                "reference": "d51e2bc9c799271223ad8d7b5f0c9bcb8ee3287d",
                "shasum": ""
            },
            "require": {
                "aura/di": "~2.0",
                "php": ">=5.3.0",
                "psr/log": "~1.0"
            },
            "type": "library",
            "extra": {
                "aura": {
                    "type": "kernel",
                    "config": {
                        "common": "Aura\\Project_Kernel\\_Config\\Common"
                    }
                },
                "branch-alias": {
                    "dev-develop-2": "2.0.x-dev"
                }
            },
            "autoload": {
                "psr-4": {
                    "Aura\\Project_Kernel\\": "src/",
                    "Aura\\Project_Kernel\\_Config\\": "config/"
                }
            },
            "notification-url": "https://packagist.org/downloads/",
            "license": [
                "BSD-2-Clause"
            ],
            "authors": [
                {
                    "name": "Aura.Project_Kernel Contributors",
                    "homepage": "https://github.com/auraphp/Aura.Project_Kernel/contributors"
                }
            ],
            "description": "The shared kernel files for an Aura project.",
            "homepage": "https://github.com/auraphp/Aura.Project_Kernel",
            "keywords": [
                "kernel",
                "project"
            ],
            "support": {
                "issues": "https://github.com/auraphp/Aura.Project_Kernel/issues",
                "source": "https://github.com/auraphp/Aura.Project_Kernel/tree/2.2.0"
            },
            "time": "2021-08-01T16:41:50+00:00"
        },
        {
            "name": "aura/router",
            "version": "2.3.1",
            "source": {
                "type": "git",
                "url": "https://github.com/auraphp/Aura.Router.git",
                "reference": "d8cb21b7fa8d2b2ae874093d5440688b3356f9c4"
            },
            "dist": {
                "type": "zip",
                "url": "https://api.github.com/repos/auraphp/Aura.Router/zipball/d8cb21b7fa8d2b2ae874093d5440688b3356f9c4",
                "reference": "d8cb21b7fa8d2b2ae874093d5440688b3356f9c4",
                "shasum": ""
            },
            "require": {
                "php": ">=5.3.0"
            },
            "require-dev": {
                "aura/di": "~2.0"
            },
            "type": "library",
            "extra": {
                "aura": {
                    "type": "library",
                    "config": {
                        "common": "Aura\\Router\\_Config\\Common"
                    }
                }
            },
            "autoload": {
                "psr-4": {
                    "Aura\\Router\\": "src/",
                    "Aura\\Router\\_Config\\": "config/"
                }
            },
            "notification-url": "https://packagist.org/downloads/",
            "license": [
                "BSD-2-Clause"
            ],
            "authors": [
                {
                    "name": "Aura.Router Contributors",
                    "homepage": "https://github.com/auraphp/Aura.Router/contributors"
                }
            ],
            "description": "A web router implementation; given a URI path and a copy of $_SERVER, it will extract path-info parameter values for a specific route.",
            "homepage": "https://github.com/auraphp/Aura.Router",
            "keywords": [
                "route",
                "router",
                "routing"
            ],
            "support": {
                "issues": "https://github.com/auraphp/Aura.Router/issues",
                "source": "https://github.com/auraphp/Aura.Router/tree/2.x"
            },
            "time": "2016-10-03T20:00:15+00:00"
        },
        {
            "name": "aura/sql",
            "version": "2.4.3",
            "source": {
                "type": "git",
                "url": "https://github.com/auraphp/Aura.Sql.git",
                "reference": "69ade8ae9920751da9a020eb78f5ed6ee4ac6a88"
            },
            "dist": {
                "type": "zip",
                "url": "https://api.github.com/repos/auraphp/Aura.Sql/zipball/69ade8ae9920751da9a020eb78f5ed6ee4ac6a88",
                "reference": "69ade8ae9920751da9a020eb78f5ed6ee4ac6a88",
                "shasum": ""
            },
            "require": {
                "php": ">=5.3.0"
            },
            "type": "library",
            "extra": {
                "aura": {
                    "type": "library"
                }
            },
            "autoload": {
                "psr-4": {
                    "Aura\\Sql\\": "src/"
                }
            },
            "notification-url": "https://packagist.org/downloads/",
            "license": [
                "BSD-2-Clause"
            ],
            "authors": [
                {
                    "name": "Aura.Sql Contributors",
                    "homepage": "https://github.com/auraphp/Aura.Sql/contributors"
                }
            ],
            "description": "A PDO extension that provides lazy connections, array quoting, identifier quoting, query profiling, value binding, and convenience methods for common fetch styles. Because it extends PDO, existing code that uses PDO can use this without any changes to the existing code.",
            "homepage": "https://github.com/auraphp/Aura.Sql",
            "keywords": [
                "mysql",
                "pdo",
                "pgsql",
                "postgres",
                "postgresql",
                "sql server",
                "sqlite",
                "sqlserver",
                "sqlsrv"
            ],
            "support": {
                "issues": "https://github.com/auraphp/Aura.Sql/issues",
                "source": "https://github.com/auraphp/Aura.Sql/tree/develop-2"
            },
            "time": "2015-03-27T20:02:04+00:00"
        },
        {
            "name": "aura/sqlquery",
            "version": "2.6.0",
            "source": {
                "type": "git",
                "url": "https://github.com/auraphp/Aura.SqlQuery.git",
                "reference": "f87f36785d1f6303996c1ac705b0f26a4d8785c0"
            },
            "dist": {
                "type": "zip",
                "url": "https://api.github.com/repos/auraphp/Aura.SqlQuery/zipball/f87f36785d1f6303996c1ac705b0f26a4d8785c0",
                "reference": "f87f36785d1f6303996c1ac705b0f26a4d8785c0",
                "shasum": ""
            },
            "require": {
                "php": ">=5.3.0"
            },
            "suggest": {
                "aura/sql": "Provides an extension to the native PDO along with a profiler and connection locator. Use version 2.*."
            },
            "type": "library",
            "extra": {
                "aura": {
                    "type": "library"
                }
            },
            "autoload": {
                "psr-4": {
                    "Aura\\SqlQuery\\": "src/"
                }
            },
            "notification-url": "https://packagist.org/downloads/",
            "license": [
                "BSD-2-Clause"
            ],
            "authors": [
                {
                    "name": "Aura.SqlQuery Contributors",
                    "homepage": "https://github.com/auraphp/Aura.SqlQuery/contributors"
                }
            ],
            "description": "Object-oriented query builders for MySQL, Postgres, SQLite, and SQLServer; can be used with any database connection library.",
            "homepage": "https://github.com/auraphp/Aura.SqlQuery",
            "keywords": [
                "database",
                "db",
                "delete",
                "dml",
                "insert",
                "mysql",
                "pdo",
                "pgsql",
                "postgres",
                "postgresql",
                "query",
                "select",
                "sql",
                "sql server",
                "sqlite",
                "sqlserver",
                "update"
            ],
            "support": {
                "issues": "https://github.com/auraphp/Aura.SqlQuery/issues",
                "source": "https://github.com/auraphp/Aura.SqlQuery/tree/2.6.0"
            },
            "time": "2015-11-09T15:38:26+00:00"
        },
        {
            "name": "aura/view",
            "version": "2.4.0",
            "source": {
                "type": "git",
                "url": "https://github.com/auraphp/Aura.View.git",
                "reference": "fadbb9d040f4bb08be1afa68d94c543553148eab"
            },
            "dist": {
                "type": "zip",
                "url": "https://api.github.com/repos/auraphp/Aura.View/zipball/fadbb9d040f4bb08be1afa68d94c543553148eab",
                "reference": "fadbb9d040f4bb08be1afa68d94c543553148eab",
                "shasum": ""
            },
            "require": {
                "php": ">=5.4.0"
            },
            "require-dev": {
                "aura/di": "~2.0",
                "yoast/phpunit-polyfills": "~1.0"
            },
            "type": "library",
            "extra": {
                "aura": {
                    "type": "library",
                    "config": {
                        "common": "Aura\\View\\_Config\\Common"
                    }
                }
            },
            "autoload": {
                "psr-4": {
                    "Aura\\View\\": "src/",
                    "Aura\\View\\_Config\\": "config/"
                }
            },
            "notification-url": "https://packagist.org/downloads/",
            "license": [
                "BSD-2-Clause"
            ],
            "authors": [
                {
                    "name": "Aura.View Contributors",
                    "homepage": "https://github.com/auraphp/Aura.View/contributors"
                }
            ],
            "description": "Provides an implementation of the TemplateView and TwoStepView patterns, with support for helpers and for closures as templates, using PHP itself as the templating language.",
            "homepage": "https://github.com/auraphp/Aura.View",
            "keywords": [
                "Escape",
                "escaper",
                "escaping",
                "template",
                "template view",
                "two step view",
                "two-step view",
                "twostep view",
                "view"
            ],
            "support": {
                "issues": "https://github.com/auraphp/Aura.View/issues",
                "source": "https://github.com/auraphp/Aura.View/tree/2.4.0"
            },
            "time": "2022-02-05T09:35:59+00:00"
        },
        {
            "name": "aura/web",
            "version": "2.2.0",
            "source": {
                "type": "git",
                "url": "https://github.com/auraphp/Aura.Web.git",
                "reference": "35d5444e28d94ace020262b271ace6681c550dca"
            },
            "dist": {
                "type": "zip",
                "url": "https://api.github.com/repos/auraphp/Aura.Web/zipball/35d5444e28d94ace020262b271ace6681c550dca",
                "reference": "35d5444e28d94ace020262b271ace6681c550dca",
                "shasum": ""
            },
            "require": {
                "php": ">=5.3.0"
            },
            "require-dev": {
                "aura/di": "~2.0",
                "yoast/phpunit-polyfills": "~1.0"
            },
            "type": "library",
            "extra": {
                "aura": {
                    "type": "library",
                    "config": {
                        "common": "Aura\\Web\\_Config\\Common"
                    }
                }
            },
            "autoload": {
                "psr-4": {
                    "Aura\\Web\\": "src/",
                    "Aura\\Web\\_Config\\": "config/"
                }
            },
            "notification-url": "https://packagist.org/downloads/",
            "license": [
                "BSD-2-Clause"
            ],
            "authors": [
                {
                    "name": "Aura.Web Contributors",
                    "homepage": "https://github.com/auraphp/Aura.Web/contributors"
                }
            ],
            "description": "Provides web Request and Response objects for use by web controllers and actions. These are representations of the PHP web environment, not HTTP request and response objects proper.",
            "homepage": "https://github.com/auraphp/Aura.Web",
            "keywords": [
                "request",
                "response"
            ],
            "support": {
                "issues": "https://github.com/auraphp/Aura.Web/issues",
                "source": "https://github.com/auraphp/Aura.Web/tree/2.2.0"
            },
            "time": "2022-06-21T04:58:09+00:00"
        },
        {
            "name": "aura/web-kernel",
            "version": "2.1.3",
            "source": {
                "type": "git",
                "url": "https://github.com/auraphp/Aura.Web_Kernel.git",
                "reference": "42ab3bec4ccc83f575a1ea869ded964a3893aebe"
            },
            "dist": {
                "type": "zip",
                "url": "https://api.github.com/repos/auraphp/Aura.Web_Kernel/zipball/42ab3bec4ccc83f575a1ea869ded964a3893aebe",
                "reference": "42ab3bec4ccc83f575a1ea869ded964a3893aebe",
                "shasum": ""
            },
            "require": {
                "aura/dispatcher": "~2.0",
                "aura/project-kernel": "~2.0",
                "aura/router": "~2.0",
                "aura/web": "~2.0",
                "php": ">=5.4.0"
            },
            "type": "library",
            "extra": {
                "aura": {
                    "type": "kernel",
                    "config": {
                        "common": "Aura\\Web_Kernel\\_Config\\Common",
                        "web-kernel-test": "Aura\\Web_Kernel\\_Config\\WebKernelTest"
                    }
                }
            },
            "autoload": {
                "psr-4": {
                    "Aura\\Web_Kernel\\": "src/",
                    "Aura\\Web_Kernel\\_Config\\": "config/"
                }
            },
            "notification-url": "https://packagist.org/downloads/",
            "license": [
                "BSD-2-Clause"
            ],
            "authors": [
                {
                    "name": "Aura.Web_Kernel Contributors",
                    "homepage": "https://github.com/auraphp/Aura.Web_Kernel/contributors"
                }
            ],
            "description": "The kernel files for an Aura web project.",
            "homepage": "https://github.com/auraphp/Aura.Web_Kernel",
            "keywords": [
                "kernel",
                "web"
            ],
            "support": {
                "issues": "https://github.com/auraphp/Aura.Web_Kernel/issues",
                "source": "https://github.com/auraphp/Aura.Web_Kernel/tree/2.x"
            },
            "time": "2016-10-03T21:38:39+00:00"
        },
        {
            "name": "foa/html-view-bundle",
            "version": "2.0.0",
            "source": {
                "type": "git",
                "url": "https://github.com/friendsofaura/FOA.Html_View_Bundle.git",
                "reference": "d6943933c1a1983594cd5d72b0f2131795479216"
            },
            "dist": {
                "type": "zip",
                "url": "https://api.github.com/repos/friendsofaura/FOA.Html_View_Bundle/zipball/d6943933c1a1983594cd5d72b0f2131795479216",
                "reference": "d6943933c1a1983594cd5d72b0f2131795479216",
                "shasum": ""
            },
            "require": {
                "aura/di": "~2.0",
                "aura/html": "~2.1",
                "aura/view": "~2.0"
            },
            "type": "library",
            "extra": {
                "aura": {
                    "type": "kernel",
                    "config": {
                        "common": "FOA\\Html_View_Bundle\\_Config\\Common"
                    }
                },
                "branch-alias": {
                    "dev-master": "2.0.x-dev"
                }
            },
            "autoload": {
                "psr-4": {
                    "FOA\\Html_View_Bundle\\_Config\\": "config/"
                }
            },
            "notification-url": "https://packagist.org/downloads/",
            "license": [
                "BSD-2-Clause"
            ],
            "authors": [
                {
                    "name": "Hari KT",
                    "email": "kthari85@gmail.com"
                }
            ],
            "description": "Integration of Aura.Html and Aura.View with Aura.Di",
            "keywords": [
                "di",
                "helper",
                "html",
                "view"
            ],
            "support": {
                "issues": "https://github.com/friendsofaura/FOA.Html_View_Bundle/issues",
                "source": "https://github.com/friendsofaura/FOA.Html_View_Bundle/tree/2.0.0"
            },
            "time": "2014-10-05T16:43:07+00:00"
        },
        {
            "name": "monolog/monolog",
            "version": "1.27.1",
            "source": {
                "type": "git",
                "url": "https://github.com/Seldaek/monolog.git",
                "reference": "904713c5929655dc9b97288b69cfeedad610c9a1"
            },
            "dist": {
                "type": "zip",
                "url": "https://api.github.com/repos/Seldaek/monolog/zipball/904713c5929655dc9b97288b69cfeedad610c9a1",
                "reference": "904713c5929655dc9b97288b69cfeedad610c9a1",
                "shasum": ""
            },
            "require": {
                "php": ">=5.3.0",
                "psr/log": "~1.0"
            },
            "provide": {
                "psr/log-implementation": "1.0.0"
            },
            "require-dev": {
                "aws/aws-sdk-php": "^2.4.9 || ^3.0",
                "doctrine/couchdb": "~1.0@dev",
                "graylog2/gelf-php": "~1.0",
                "php-amqplib/php-amqplib": "~2.4",
                "php-console/php-console": "^3.1.3",
                "phpstan/phpstan": "^0.12.59",
                "phpunit/phpunit": "~4.5",
                "ruflin/elastica": ">=0.90 <3.0",
                "sentry/sentry": "^0.13",
                "swiftmailer/swiftmailer": "^5.3|^6.0"
            },
            "suggest": {
                "aws/aws-sdk-php": "Allow sending log messages to AWS services like DynamoDB",
                "doctrine/couchdb": "Allow sending log messages to a CouchDB server",
                "ext-amqp": "Allow sending log messages to an AMQP server (1.0+ required)",
                "ext-mongo": "Allow sending log messages to a MongoDB server",
                "graylog2/gelf-php": "Allow sending log messages to a GrayLog2 server",
                "mongodb/mongodb": "Allow sending log messages to a MongoDB server via PHP Driver",
                "php-amqplib/php-amqplib": "Allow sending log messages to an AMQP server using php-amqplib",
                "php-console/php-console": "Allow sending log messages to Google Chrome",
                "rollbar/rollbar": "Allow sending log messages to Rollbar",
                "ruflin/elastica": "Allow sending log messages to an Elastic Search server",
                "sentry/sentry": "Allow sending log messages to a Sentry server"
            },
            "type": "library",
            "autoload": {
                "psr-4": {
                    "Monolog\\": "src/Monolog"
                }
            },
            "notification-url": "https://packagist.org/downloads/",
            "license": [
                "MIT"
            ],
            "authors": [
                {
                    "name": "Jordi Boggiano",
                    "email": "j.boggiano@seld.be",
                    "homepage": "http://seld.be"
                }
            ],
            "description": "Sends your logs to files, sockets, inboxes, databases and various web services",
            "homepage": "http://github.com/Seldaek/monolog",
            "keywords": [
                "log",
                "logging",
                "psr-3"
            ],
            "support": {
                "issues": "https://github.com/Seldaek/monolog/issues",
                "source": "https://github.com/Seldaek/monolog/tree/1.27.1"
            },
            "funding": [
                {
                    "url": "https://github.com/Seldaek",
                    "type": "github"
                },
                {
                    "url": "https://tidelift.com/funding/github/packagist/monolog/monolog",
                    "type": "tidelift"
                }
            ],
            "time": "2022-06-09T08:53:42+00:00"
        },
        {
            "name": "psr/log",
            "version": "1.1.4",
            "source": {
                "type": "git",
                "url": "https://github.com/php-fig/log.git",
                "reference": "d49695b909c3b7628b6289db5479a1c204601f11"
            },
            "dist": {
                "type": "zip",
                "url": "https://api.github.com/repos/php-fig/log/zipball/d49695b909c3b7628b6289db5479a1c204601f11",
                "reference": "d49695b909c3b7628b6289db5479a1c204601f11",
                "shasum": ""
            },
            "require": {
                "php": ">=5.3.0"
            },
            "type": "library",
            "extra": {
                "branch-alias": {
                    "dev-master": "1.1.x-dev"
                }
            },
            "autoload": {
                "psr-4": {
                    "Psr\\Log\\": "Psr/Log/"
                }
            },
            "notification-url": "https://packagist.org/downloads/",
            "license": [
                "MIT"
            ],
            "authors": [
                {
                    "name": "PHP-FIG",
                    "homepage": "https://www.php-fig.org/"
                }
            ],
            "description": "Common interface for logging libraries",
            "homepage": "https://github.com/php-fig/log",
            "keywords": [
                "log",
                "psr",
                "psr-3"
            ],
            "support": {
                "source": "https://github.com/php-fig/log/tree/1.1.4"
            },
            "time": "2021-05-03T11:20:27+00:00"
        },
        {
            "name": "symfony/filesystem",
            "version": "v2.8.52",
            "source": {
                "type": "git",
                "url": "https://github.com/symfony/filesystem.git",
                "reference": "7ae46872dad09dffb7fe1e93a0937097339d0080"
            },
            "dist": {
                "type": "zip",
                "url": "https://api.github.com/repos/symfony/filesystem/zipball/7ae46872dad09dffb7fe1e93a0937097339d0080",
                "reference": "7ae46872dad09dffb7fe1e93a0937097339d0080",
                "shasum": ""
            },
            "require": {
                "php": ">=5.3.9",
                "symfony/polyfill-ctype": "~1.8"
            },
            "type": "library",
            "extra": {
                "branch-alias": {
                    "dev-master": "2.8-dev"
                }
            },
            "autoload": {
                "psr-4": {
                    "Symfony\\Component\\Filesystem\\": ""
                },
                "exclude-from-classmap": [
                    "/Tests/"
                ]
            },
            "notification-url": "https://packagist.org/downloads/",
            "license": [
                "MIT"
            ],
            "authors": [
                {
                    "name": "Fabien Potencier",
                    "email": "fabien@symfony.com"
                },
                {
                    "name": "Symfony Community",
                    "homepage": "https://symfony.com/contributors"
                }
            ],
            "description": "Symfony Filesystem Component",
            "homepage": "https://symfony.com",
            "support": {
                "source": "https://github.com/symfony/filesystem/tree/v2.8.52"
            },
            "time": "2018-11-11T11:18:13+00:00"
        },
        {
            "name": "symfony/polyfill-ctype",
            "version": "v1.19.0",
            "source": {
                "type": "git",
                "url": "https://github.com/symfony/polyfill-ctype.git",
                "reference": "aed596913b70fae57be53d86faa2e9ef85a2297b"
            },
            "dist": {
                "type": "zip",
                "url": "https://api.github.com/repos/symfony/polyfill-ctype/zipball/aed596913b70fae57be53d86faa2e9ef85a2297b",
                "reference": "aed596913b70fae57be53d86faa2e9ef85a2297b",
                "shasum": ""
            },
            "require": {
                "php": ">=5.3.3"
            },
            "suggest": {
                "ext-ctype": "For best performance"
            },
            "type": "library",
            "extra": {
                "branch-alias": {
                    "dev-main": "1.19-dev"
                },
                "thanks": {
                    "name": "symfony/polyfill",
                    "url": "https://github.com/symfony/polyfill"
                }
            },
            "autoload": {
                "files": [
                    "bootstrap.php"
                ],
                "psr-4": {
                    "Symfony\\Polyfill\\Ctype\\": ""
                }
            },
            "notification-url": "https://packagist.org/downloads/",
            "license": [
                "MIT"
            ],
            "authors": [
                {
                    "name": "Gert de Pagter",
                    "email": "BackEndTea@gmail.com"
                },
                {
                    "name": "Symfony Community",
                    "homepage": "https://symfony.com/contributors"
                }
            ],
            "description": "Symfony polyfill for ctype functions",
            "homepage": "https://symfony.com",
            "keywords": [
                "compatibility",
                "ctype",
                "polyfill",
                "portable"
            ],
            "support": {
                "source": "https://github.com/symfony/polyfill-ctype/tree/v1.19.0"
            },
            "funding": [
                {
                    "url": "https://symfony.com/sponsor",
                    "type": "custom"
                },
                {
                    "url": "https://github.com/fabpot",
                    "type": "github"
                },
                {
                    "url": "https://tidelift.com/funding/github/packagist/symfony/symfony",
                    "type": "tidelift"
                }
            ],
            "time": "2020-10-23T09:01:57+00:00"
        }
    ],
    "packages-dev": [
        {
            "name": "symfony/polyfill-mbstring",
            "version": "v1.19.0",
            "source": {
                "type": "git",
                "url": "https://github.com/symfony/polyfill-mbstring.git",
                "reference": "b5f7b932ee6fa802fc792eabd77c4c88084517ce"
            },
            "dist": {
                "type": "zip",
                "url": "https://api.github.com/repos/symfony/polyfill-mbstring/zipball/b5f7b932ee6fa802fc792eabd77c4c88084517ce",
                "reference": "b5f7b932ee6fa802fc792eabd77c4c88084517ce",
                "shasum": ""
            },
            "require": {
                "php": ">=5.3.3"
            },
            "suggest": {
                "ext-mbstring": "For best performance"
            },
            "type": "library",
            "extra": {
                "branch-alias": {
                    "dev-main": "1.19-dev"
                },
                "thanks": {
                    "name": "symfony/polyfill",
                    "url": "https://github.com/symfony/polyfill"
                }
            },
            "autoload": {
                "files": [
                    "bootstrap.php"
                ],
                "psr-4": {
                    "Symfony\\Polyfill\\Mbstring\\": ""
                }
            },
            "notification-url": "https://packagist.org/downloads/",
            "license": [
                "MIT"
            ],
            "authors": [
                {
                    "name": "Nicolas Grekas",
                    "email": "p@tchwork.com"
                },
                {
                    "name": "Symfony Community",
                    "homepage": "https://symfony.com/contributors"
                }
            ],
            "description": "Symfony polyfill for the Mbstring extension",
            "homepage": "https://symfony.com",
            "keywords": [
                "compatibility",
                "mbstring",
                "polyfill",
                "portable",
                "shim"
            ],
            "support": {
                "source": "https://github.com/symfony/polyfill-mbstring/tree/v1.19.0"
            },
            "funding": [
                {
                    "url": "https://symfony.com/sponsor",
                    "type": "custom"
                },
                {
                    "url": "https://github.com/fabpot",
                    "type": "github"
                },
                {
                    "url": "https://tidelift.com/funding/github/packagist/symfony/symfony",
                    "type": "tidelift"
                }
            ],
            "time": "2020-10-23T09:01:57+00:00"
        },
        {
            "name": "symfony/var-dumper",
            "version": "v2.8.52",
            "source": {
                "type": "git",
                "url": "https://github.com/symfony/var-dumper.git",
                "reference": "91abb1e39d14fb7773d25de9c711949ea8502ac1"
            },
            "dist": {
                "type": "zip",
                "url": "https://api.github.com/repos/symfony/var-dumper/zipball/91abb1e39d14fb7773d25de9c711949ea8502ac1",
                "reference": "91abb1e39d14fb7773d25de9c711949ea8502ac1",
                "shasum": ""
            },
            "require": {
                "php": ">=5.3.9",
                "symfony/polyfill-mbstring": "~1.0"
            },
            "conflict": {
                "phpunit/phpunit": "<4.8.35|<5.4.3,>=5.0"
            },
            "require-dev": {
                "ext-iconv": "*",
                "twig/twig": "~1.34|~2.4"
            },
            "suggest": {
                "ext-iconv": "To convert non-UTF-8 strings to UTF-8 (or symfony/polyfill-iconv in case ext-iconv cannot be used).",
                "ext-symfony_debug": ""
            },
            "type": "library",
            "extra": {
                "branch-alias": {
                    "dev-master": "2.8-dev"
                }
            },
            "autoload": {
                "files": [
                    "Resources/functions/dump.php"
                ],
                "psr-4": {
                    "Symfony\\Component\\VarDumper\\": ""
                },
                "exclude-from-classmap": [
                    "/Tests/"
                ]
            },
            "notification-url": "https://packagist.org/downloads/",
            "license": [
                "MIT"
            ],
            "authors": [
                {
                    "name": "Nicolas Grekas",
                    "email": "p@tchwork.com"
                },
                {
                    "name": "Symfony Community",
                    "homepage": "https://symfony.com/contributors"
                }
            ],
            "description": "Symfony mechanism for exploring and dumping PHP variables",
            "homepage": "https://symfony.com",
            "keywords": [
                "debug",
                "dump"
            ],
            "support": {
                "source": "https://github.com/symfony/var-dumper/tree/v2.8.50"
            },
            "time": "2018-11-11T11:18:13+00:00"
        }
    ],
    "aliases": [],
    "minimum-stability": "stable",
    "stability-flags": [],
    "prefer-stable": false,
    "prefer-lowest": false,
    "platform": [],
    "platform-dev": [],
    "plugin-api-version": "2.0.0"
}
